// !$*UTF8*$!
{
	archiveVersion = 1;
	classes = {
	};
	objectVersion = 50;
	objects = {

/* Begin PBXBuildFile section */
		2544E97D2571EE1D001A7B42 /* DatabaseHelper.swift in Sources */ = {isa = PBXBuildFile; fileRef = 2544E97C2571EE1D001A7B42 /* DatabaseHelper.swift */; };
		2567C264255E4E7E001A68CE /* AppDelegate.swift in Sources */ = {isa = PBXBuildFile; fileRef = 2567C263255E4E7E001A68CE /* AppDelegate.swift */; };
		2567C266255E4E7E001A68CE /* SceneDelegate.swift in Sources */ = {isa = PBXBuildFile; fileRef = 2567C265255E4E7E001A68CE /* SceneDelegate.swift */; };
		2567C268255E4E7E001A68CE /* LoginViewController.swift in Sources */ = {isa = PBXBuildFile; fileRef = 2567C267255E4E7E001A68CE /* LoginViewController.swift */; };
		2567C26B255E4E7E001A68CE /* Main.storyboard in Resources */ = {isa = PBXBuildFile; fileRef = 2567C269255E4E7E001A68CE /* Main.storyboard */; };
		2567C26D255E4E7F001A68CE /* Assets.xcassets in Resources */ = {isa = PBXBuildFile; fileRef = 2567C26C255E4E7F001A68CE /* Assets.xcassets */; };
		2567C270255E4E7F001A68CE /* LaunchScreen.storyboard in Resources */ = {isa = PBXBuildFile; fileRef = 2567C26E255E4E7F001A68CE /* LaunchScreen.storyboard */; };
		25955178256CBB3D00F2721A /* DestinationTableViewController.swift in Sources */ = {isa = PBXBuildFile; fileRef = 25955177256CBB3D00F2721A /* DestinationTableViewController.swift */; };
		2595517A256CBB9000F2721A /* DestinationTableViewCell.swift in Sources */ = {isa = PBXBuildFile; fileRef = 25955179256CBB9000F2721A /* DestinationTableViewCell.swift */; };
		89CA374C256CBA1A00B06FBD /* CreateAccountViewController.swift in Sources */ = {isa = PBXBuildFile; fileRef = 89CA374B256CBA1A00B06FBD /* CreateAccountViewController.swift */; };
		89CA374F256CBA5C00B06FBD /* HomeScreenViewController.swift in Sources */ = {isa = PBXBuildFile; fileRef = 89CA374E256CBA5C00B06FBD /* HomeScreenViewController.swift */; };
		89CA3752256CBA8600B06FBD /* SurveyViewController.swift in Sources */ = {isa = PBXBuildFile; fileRef = 89CA3751256CBA8600B06FBD /* SurveyViewController.swift */; };
		89CA3756256CC44200B06FBD /* ReviewViewController.swift in Sources */ = {isa = PBXBuildFile; fileRef = 89CA3755256CC44200B06FBD /* ReviewViewController.swift */; };
		89CA3759256CC47800B06FBD /* DestinationDetailViewController.swift in Sources */ = {isa = PBXBuildFile; fileRef = 89CA3758256CC47800B06FBD /* DestinationDetailViewController.swift */; };
/* End PBXBuildFile section */

/* Begin PBXFileReference section */
		2544E97C2571EE1D001A7B42 /* DatabaseHelper.swift */ = {isa = PBXFileReference; lastKnownFileType = sourcecode.swift; path = DatabaseHelper.swift; sourceTree = "<group>"; };
		2567C260255E4E7E001A68CE /* CPSC321Project.app */ = {isa = PBXFileReference; explicitFileType = wrapper.application; includeInIndex = 0; path = CPSC321Project.app; sourceTree = BUILT_PRODUCTS_DIR; };
		2567C263255E4E7E001A68CE /* AppDelegate.swift */ = {isa = PBXFileReference; lastKnownFileType = sourcecode.swift; path = AppDelegate.swift; sourceTree = "<group>"; };
		2567C265255E4E7E001A68CE /* SceneDelegate.swift */ = {isa = PBXFileReference; lastKnownFileType = sourcecode.swift; path = SceneDelegate.swift; sourceTree = "<group>"; };
		2567C267255E4E7E001A68CE /* LoginViewController.swift */ = {isa = PBXFileReference; lastKnownFileType = sourcecode.swift; path = LoginViewController.swift; sourceTree = "<group>"; };
		2567C26A255E4E7E001A68CE /* Base */ = {isa = PBXFileReference; lastKnownFileType = file.storyboard; name = Base; path = Base.lproj/Main.storyboard; sourceTree = "<group>"; };
		2567C26C255E4E7F001A68CE /* Assets.xcassets */ = {isa = PBXFileReference; lastKnownFileType = folder.assetcatalog; path = Assets.xcassets; sourceTree = "<group>"; };
		2567C26F255E4E7F001A68CE /* Base */ = {isa = PBXFileReference; lastKnownFileType = file.storyboard; name = Base; path = Base.lproj/LaunchScreen.storyboard; sourceTree = "<group>"; };
		2567C271255E4E7F001A68CE /* Info.plist */ = {isa = PBXFileReference; lastKnownFileType = text.plist.xml; path = Info.plist; sourceTree = "<group>"; };
		25955177256CBB3D00F2721A /* DestinationTableViewController.swift */ = {isa = PBXFileReference; lastKnownFileType = sourcecode.swift; path = DestinationTableViewController.swift; sourceTree = "<group>"; };
		25955179256CBB9000F2721A /* DestinationTableViewCell.swift */ = {isa = PBXFileReference; lastKnownFileType = sourcecode.swift; path = DestinationTableViewCell.swift; sourceTree = "<group>"; };
		89CA374B256CBA1A00B06FBD /* CreateAccountViewController.swift */ = {isa = PBXFileReference; lastKnownFileType = sourcecode.swift; path = CreateAccountViewController.swift; sourceTree = "<group>"; };
		89CA374E256CBA5C00B06FBD /* HomeScreenViewController.swift */ = {isa = PBXFileReference; lastKnownFileType = sourcecode.swift; path = HomeScreenViewController.swift; sourceTree = "<group>"; };
		89CA3751256CBA8600B06FBD /* SurveyViewController.swift */ = {isa = PBXFileReference; lastKnownFileType = sourcecode.swift; path = SurveyViewController.swift; sourceTree = "<group>"; };
		89CA3755256CC44200B06FBD /* ReviewViewController.swift */ = {isa = PBXFileReference; lastKnownFileType = sourcecode.swift; path = ReviewViewController.swift; sourceTree = "<group>"; };
		89CA3758256CC47800B06FBD /* DestinationDetailViewController.swift */ = {isa = PBXFileReference; lastKnownFileType = sourcecode.swift; path = DestinationDetailViewController.swift; sourceTree = "<group>"; };
/* End PBXFileReference section */

/* Begin PBXFrameworksBuildPhase section */
		2567C25D255E4E7E001A68CE /* Frameworks */ = {
			isa = PBXFrameworksBuildPhase;
			buildActionMask = 2147483647;
			files = (
			);
			runOnlyForDeploymentPostprocessing = 0;
		};
/* End PBXFrameworksBuildPhase section */

/* Begin PBXGroup section */
		2567C257255E4E7E001A68CE = {
			isa = PBXGroup;
			children = (
				2567C262255E4E7E001A68CE /* CPSC321Project */,
				2567C261255E4E7E001A68CE /* Products */,
			);
			sourceTree = "<group>";
		};
		2567C261255E4E7E001A68CE /* Products */ = {
			isa = PBXGroup;
			children = (
				2567C260255E4E7E001A68CE /* CPSC321Project.app */,
			);
			name = Products;
			sourceTree = "<group>";
		};
		2567C262255E4E7E001A68CE /* CPSC321Project */ = {
			isa = PBXGroup;
			children = (
				2567C263255E4E7E001A68CE /* AppDelegate.swift */,
				2567C265255E4E7E001A68CE /* SceneDelegate.swift */,
				2567C267255E4E7E001A68CE /* LoginViewController.swift */,
				2567C269255E4E7E001A68CE /* Main.storyboard */,
				2567C26C255E4E7F001A68CE /* Assets.xcassets */,
				2567C26E255E4E7F001A68CE /* LaunchScreen.storyboard */,
				2567C271255E4E7F001A68CE /* Info.plist */,
				25955177256CBB3D00F2721A /* DestinationTableViewController.swift */,
				25955179256CBB9000F2721A /* DestinationTableViewCell.swift */,
				89CA374B256CBA1A00B06FBD /* CreateAccountViewController.swift */,
				89CA374E256CBA5C00B06FBD /* HomeScreenViewController.swift */,
				89CA3751256CBA8600B06FBD /* SurveyViewController.swift */,
				89CA3755256CC44200B06FBD /* ReviewViewController.swift */,
				89CA3758256CC47800B06FBD /* DestinationDetailViewController.swift */,
				2544E97C2571EE1D001A7B42 /* DatabaseHelper.swift */,
			);
			path = CPSC321Project;
			sourceTree = "<group>";
		};
/* End PBXGroup section */

/* Begin PBXNativeTarget section */
		2567C25F255E4E7E001A68CE /* CPSC321Project */ = {
			isa = PBXNativeTarget;
			buildConfigurationList = 2567C274255E4E7F001A68CE /* Build configuration list for PBXNativeTarget "CPSC321Project" */;
			buildPhases = (
				2567C25C255E4E7E001A68CE /* Sources */,
				2567C25D255E4E7E001A68CE /* Frameworks */,
				2567C25E255E4E7E001A68CE /* Resources */,
			);
			buildRules = (
			);
			dependencies = (
			);
			name = CPSC321Project;
			productName = CPSC321Project;
			productReference = 2567C260255E4E7E001A68CE /* CPSC321Project.app */;
			productType = "com.apple.product-type.application";
		};
/* End PBXNativeTarget section */

/* Begin PBXProject section */
		2567C258255E4E7E001A68CE /* Project object */ = {
			isa = PBXProject;
			attributes = {
				LastSwiftUpdateCheck = 1130;
				LastUpgradeCheck = 1130;
				ORGANIZATIONNAME = "Gharin Pautz";
				TargetAttributes = {
					2567C25F255E4E7E001A68CE = {
						CreatedOnToolsVersion = 11.3.1;
					};
				};
			};
			buildConfigurationList = 2567C25B255E4E7E001A68CE /* Build configuration list for PBXProject "CPSC321Project" */;
			compatibilityVersion = "Xcode 9.3";
			developmentRegion = en;
			hasScannedForEncodings = 0;
			knownRegions = (
				en,
				Base,
			);
			mainGroup = 2567C257255E4E7E001A68CE;
			productRefGroup = 2567C261255E4E7E001A68CE /* Products */;
			projectDirPath = "";
			projectRoot = "";
			targets = (
				2567C25F255E4E7E001A68CE /* CPSC321Project */,
			);
		};
/* End PBXProject section */

/* Begin PBXResourcesBuildPhase section */
		2567C25E255E4E7E001A68CE /* Resources */ = {
			isa = PBXResourcesBuildPhase;
			buildActionMask = 2147483647;
			files = (
				2567C270255E4E7F001A68CE /* LaunchScreen.storyboard in Resources */,
				2567C26D255E4E7F001A68CE /* Assets.xcassets in Resources */,
				2567C26B255E4E7E001A68CE /* Main.storyboard in Resources */,
			);
			runOnlyForDeploymentPostprocessing = 0;
		};
/* End PBXResourcesBuildPhase section */

/* Begin PBXSourcesBuildPhase section */
		2567C25C255E4E7E001A68CE /* Sources */ = {
			isa = PBXSourcesBuildPhase;
			buildActionMask = 2147483647;
			files = (
				25955178256CBB3D00F2721A /* DestinationTableViewController.swift in Sources */,
				2595517A256CBB9000F2721A /* DestinationTableViewCell.swift in Sources */,
				89CA3756256CC44200B06FBD /* ReviewViewController.swift in Sources */,
				2567C268255E4E7E001A68CE /* LoginViewController.swift in Sources */,
				2544E97D2571EE1D001A7B42 /* DatabaseHelper.swift in Sources */,
				89CA374C256CBA1A00B06FBD /* CreateAccountViewController.swift in Sources */,
				2567C268255E4E7E001A68CE /* LoginViewController.swift in Sources */,
				89CA3759256CC47800B06FBD /* DestinationDetailViewController.swift in Sources */,
				2567C264255E4E7E001A68CE /* AppDelegate.swift in Sources */,
				2567C266255E4E7E001A68CE /* SceneDelegate.swift in Sources */,
				89CA3752256CBA8600B06FBD /* SurveyViewController.swift in Sources */,
				89CA374F256CBA5C00B06FBD /* HomeScreenViewController.swift in Sources */,
			);
			runOnlyForDeploymentPostprocessing = 0;
		};
/* End PBXSourcesBuildPhase section */

/* Begin PBXVariantGroup section */
		2567C269255E4E7E001A68CE /* Main.storyboard */ = {
			isa = PBXVariantGroup;
			children = (
				2567C26A255E4E7E001A68CE /* Base */,
			);
			name = Main.storyboard;
			sourceTree = "<group>";
		};
		2567C26E255E4E7F001A68CE /* LaunchScreen.storyboard */ = {
			isa = PBXVariantGroup;
			children = (
				2567C26F255E4E7F001A68CE /* Base */,
			);
			name = LaunchScreen.storyboard;
			sourceTree = "<group>";
		};
/* End PBXVariantGroup section */

/* Begin XCBuildConfiguration section */
		2567C272255E4E7F001A68CE /* Debug */ = {
			isa = XCBuildConfiguration;
			buildSettings = {
				ALWAYS_SEARCH_USER_PATHS = NO;
				CLANG_ANALYZER_NONNULL = YES;
				CLANG_ANALYZER_NUMBER_OBJECT_CONVERSION = YES_AGGRESSIVE;
				CLANG_CXX_LANGUAGE_STANDARD = "gnu++14";
				CLANG_CXX_LIBRARY = "libc++";
				CLANG_ENABLE_MODULES = YES;
				CLANG_ENABLE_OBJC_ARC = YES;
				CLANG_ENABLE_OBJC_WEAK = YES;
				CLANG_WARN_BLOCK_CAPTURE_AUTORELEASING = YES;
				CLANG_WARN_BOOL_CONVERSION = YES;
				CLANG_WARN_COMMA = YES;
				CLANG_WARN_CONSTANT_CONVERSION = YES;
				CLANG_WARN_DEPRECATED_OBJC_IMPLEMENTATIONS = YES;
				CLANG_WARN_DIRECT_OBJC_ISA_USAGE = YES_ERROR;
				CLANG_WARN_DOCUMENTATION_COMMENTS = YES;
				CLANG_WARN_EMPTY_BODY = YES;
				CLANG_WARN_ENUM_CONVERSION = YES;
				CLANG_WARN_INFINITE_RECURSION = YES;
				CLANG_WARN_INT_CONVERSION = YES;
				CLANG_WARN_NON_LITERAL_NULL_CONVERSION = YES;
				CLANG_WARN_OBJC_IMPLICIT_RETAIN_SELF = YES;
				CLANG_WARN_OBJC_LITERAL_CONVERSION = YES;
				CLANG_WARN_OBJC_ROOT_CLASS = YES_ERROR;
				CLANG_WARN_RANGE_LOOP_ANALYSIS = YES;
				CLANG_WARN_STRICT_PROTOTYPES = YES;
				CLANG_WARN_SUSPICIOUS_MOVE = YES;
				CLANG_WARN_UNGUARDED_AVAILABILITY = YES_AGGRESSIVE;
				CLANG_WARN_UNREACHABLE_CODE = YES;
				CLANG_WARN__DUPLICATE_METHOD_MATCH = YES;
				COPY_PHASE_STRIP = NO;
				DEBUG_INFORMATION_FORMAT = dwarf;
				ENABLE_STRICT_OBJC_MSGSEND = YES;
				ENABLE_TESTABILITY = YES;
				GCC_C_LANGUAGE_STANDARD = gnu11;
				GCC_DYNAMIC_NO_PIC = NO;
				GCC_NO_COMMON_BLOCKS = YES;
				GCC_OPTIMIZATION_LEVEL = 0;
				GCC_PREPROCESSOR_DEFINITIONS = (
					"DEBUG=1",
					"$(inherited)",
				);
				GCC_WARN_64_TO_32_BIT_CONVERSION = YES;
				GCC_WARN_ABOUT_RETURN_TYPE = YES_ERROR;
				GCC_WARN_UNDECLARED_SELECTOR = YES;
				GCC_WARN_UNINITIALIZED_AUTOS = YES_AGGRESSIVE;
				GCC_WARN_UNUSED_FUNCTION = YES;
				GCC_WARN_UNUSED_VARIABLE = YES;
				IPHONEOS_DEPLOYMENT_TARGET = 13.2;
				MTL_ENABLE_DEBUG_INFO = INCLUDE_SOURCE;
				MTL_FAST_MATH = YES;
				ONLY_ACTIVE_ARCH = YES;
				SDKROOT = iphoneos;
				SWIFT_ACTIVE_COMPILATION_CONDITIONS = DEBUG;
				SWIFT_OPTIMIZATION_LEVEL = "-Onone";
			};
			name = Debug;
		};
		2567C273255E4E7F001A68CE /* Release */ = {
			isa = XCBuildConfiguration;
			buildSettings = {
				ALWAYS_SEARCH_USER_PATHS = NO;
				CLANG_ANALYZER_NONNULL = YES;
				CLANG_ANALYZER_NUMBER_OBJECT_CONVERSION = YES_AGGRESSIVE;
				CLANG_CXX_LANGUAGE_STANDARD = "gnu++14";
				CLANG_CXX_LIBRARY = "libc++";
				CLANG_ENABLE_MODULES = YES;
				CLANG_ENABLE_OBJC_ARC = YES;
				CLANG_ENABLE_OBJC_WEAK = YES;
				CLANG_WARN_BLOCK_CAPTURE_AUTORELEASING = YES;
				CLANG_WARN_BOOL_CONVERSION = YES;
				CLANG_WARN_COMMA = YES;
				CLANG_WARN_CONSTANT_CONVERSION = YES;
				CLANG_WARN_DEPRECATED_OBJC_IMPLEMENTATIONS = YES;
				CLANG_WARN_DIRECT_OBJC_ISA_USAGE = YES_ERROR;
				CLANG_WARN_DOCUMENTATION_COMMENTS = YES;
				CLANG_WARN_EMPTY_BODY = YES;
				CLANG_WARN_ENUM_CONVERSION = YES;
				CLANG_WARN_INFINITE_RECURSION = YES;
				CLANG_WARN_INT_CONVERSION = YES;
				CLANG_WARN_NON_LITERAL_NULL_CONVERSION = YES;
				CLANG_WARN_OBJC_IMPLICIT_RETAIN_SELF = YES;
				CLANG_WARN_OBJC_LITERAL_CONVERSION = YES;
				CLANG_WARN_OBJC_ROOT_CLASS = YES_ERROR;
				CLANG_WARN_RANGE_LOOP_ANALYSIS = YES;
				CLANG_WARN_STRICT_PROTOTYPES = YES;
				CLANG_WARN_SUSPICIOUS_MOVE = YES;
				CLANG_WARN_UNGUARDED_AVAILABILITY = YES_AGGRESSIVE;
				CLANG_WARN_UNREACHABLE_CODE = YES;
				CLANG_WARN__DUPLICATE_METHOD_MATCH = YES;
				COPY_PHASE_STRIP = NO;
				DEBUG_INFORMATION_FORMAT = "dwarf-with-dsym";
				ENABLE_NS_ASSERTIONS = NO;
				ENABLE_STRICT_OBJC_MSGSEND = YES;
				GCC_C_LANGUAGE_STANDARD = gnu11;
				GCC_NO_COMMON_BLOCKS = YES;
				GCC_WARN_64_TO_32_BIT_CONVERSION = YES;
				GCC_WARN_ABOUT_RETURN_TYPE = YES_ERROR;
				GCC_WARN_UNDECLARED_SELECTOR = YES;
				GCC_WARN_UNINITIALIZED_AUTOS = YES_AGGRESSIVE;
				GCC_WARN_UNUSED_FUNCTION = YES;
				GCC_WARN_UNUSED_VARIABLE = YES;
				IPHONEOS_DEPLOYMENT_TARGET = 13.2;
				MTL_ENABLE_DEBUG_INFO = NO;
				MTL_FAST_MATH = YES;
				SDKROOT = iphoneos;
				SWIFT_COMPILATION_MODE = wholemodule;
				SWIFT_OPTIMIZATION_LEVEL = "-O";
				VALIDATE_PRODUCT = YES;
			};
			name = Release;
		};
		2567C275255E4E7F001A68CE /* Debug */ = {
			isa = XCBuildConfiguration;
			buildSettings = {
				ASSETCATALOG_COMPILER_APPICON_NAME = AppIcon;
				CODE_SIGN_STYLE = Automatic;
				DEVELOPMENT_TEAM = GUYPJD4NUE;
				INFOPLIST_FILE = CPSC321Project/Info.plist;
				LD_RUNPATH_SEARCH_PATHS = (
					"$(inherited)",
					"@executable_path/Frameworks",
				);
				PRODUCT_BUNDLE_IDENTIFIER = com.example.CPSC321Project;
				PRODUCT_NAME = "$(TARGET_NAME)";
				SWIFT_VERSION = 5.0;
				TARGETED_DEVICE_FAMILY = "1,2";
			};
			name = Debug;
		};
		2567C276255E4E7F001A68CE /* Release */ = {
			isa = XCBuildConfiguration;
			buildSettings = {
				ASSETCATALOG_COMPILER_APPICON_NAME = AppIcon;
				CODE_SIGN_STYLE = Automatic;
				DEVELOPMENT_TEAM = GUYPJD4NUE;
				INFOPLIST_FILE = CPSC321Project/Info.plist;
				LD_RUNPATH_SEARCH_PATHS = (
					"$(inherited)",
					"@executable_path/Frameworks",
				);
				PRODUCT_BUNDLE_IDENTIFIER = com.example.CPSC321Project;
				PRODUCT_NAME = "$(TARGET_NAME)";
				SWIFT_VERSION = 5.0;
				TARGETED_DEVICE_FAMILY = "1,2";
			};
			name = Release;
		};
/* End XCBuildConfiguration section */

/* Begin XCConfigurationList section */
		2567C25B255E4E7E001A68CE /* Build configuration list for PBXProject "CPSC321Project" */ = {
			isa = XCConfigurationList;
			buildConfigurations = (
				2567C272255E4E7F001A68CE /* Debug */,
				2567C273255E4E7F001A68CE /* Release */,
			);
			defaultConfigurationIsVisible = 0;
			defaultConfigurationName = Release;
		};
		2567C274255E4E7F001A68CE /* Build configuration list for PBXNativeTarget "CPSC321Project" */ = {
			isa = XCConfigurationList;
			buildConfigurations = (
				2567C275255E4E7F001A68CE /* Debug */,
				2567C276255E4E7F001A68CE /* Release */,
			);
			defaultConfigurationIsVisible = 0;
			defaultConfigurationName = Release;
		};
/* End XCConfigurationList section */
	};
	rootObject = 2567C258255E4E7E001A68CE /* Project object */;
}
